// !$*UTF8*$!
{
	archiveVersion = 1;
	classes = {
	};
	objectVersion = 77;
	objects = {

/* Begin PBXFileReference section */
		29AC5DFF2CC194630068F36B /* FirstPlayground.playground */ = {isa = PBXFileReference; lastKnownFileType = file.playground; path = FirstPlayground.playground; sourceTree = "<group>"; xcLanguageSpecificationIdentifier = xcode.lang.swift; };
		29AC5E002CC195280068F36B /* DataTypes.playground */ = {isa = PBXFileReference; lastKnownFileType = file.playground; path = DataTypes.playground; sourceTree = "<group>"; xcLanguageSpecificationIdentifier = xcode.lang.swift; };
		29AC5E012CC1996A0068F36B /* Variables.playground */ = {isa = PBXFileReference; lastKnownFileType = file.playground; path = Variables.playground; sourceTree = "<group>"; xcLanguageSpecificationIdentifier = xcode.lang.swift; };
/* End PBXFileReference section */

/* Begin PBXGroup section */
		29AC5DF82CC1937B0068F36B = {
			isa = PBXGroup;
			children = (
				29AC5E012CC1996A0068F36B /* Variables.playground */,
				29AC5E002CC195280068F36B /* DataTypes.playground */,
				29AC5DFF2CC194630068F36B /* FirstPlayground.playground */,
			);
			sourceTree = "<group>";
		};
/* End PBXGroup section */

/* Begin PBXProject section */
		29AC5DF92CC1937B0068F36B /* Project object */ = {
			isa = PBXProject;
			attributes = {
				BuildIndependentTargetsInParallel = 1;
				LastUpgradeCheck = 1600;
			};
			buildConfigurationList = 29AC5DFC2CC1937B0068F36B /* Build configuration list for PBXProject "Fundamentos de Swift" */;
			developmentRegion = en;
			hasScannedForEncodings = 0;
			knownRegions = (
				en,
				Base,
			);
			mainGroup = 29AC5DF82CC1937B0068F36B;
			minimizedProjectReferenceProxies = 1;
			preferredProjectObjectVersion = 77;
			projectDirPath = "";
			projectRoot = "";
			targets = (
			);
		};
/* End PBXProject section */

/* Begin XCBuildConfiguration section */
		29AC5DFD2CC1937B0068F36B /* Debug */ = {
			isa = XCBuildConfiguration;
			buildSettings = {
			};
			name = Debug;
		};
		29AC5DFE2CC1937B0068F36B /* Release */ = {
			isa = XCBuildConfiguration;
			buildSettings = {
			};
			name = Release;
		};
/* End XCBuildConfiguration section */

/* Begin XCConfigurationList section */
		29AC5DFC2CC1937B0068F36B /* Build configuration list for PBXProject "Fundamentos de Swift" */ = {
			isa = XCConfigurationList;
			buildConfigurations = (
				29AC5DFD2CC1937B0068F36B /* Debug */,
				29AC5DFE2CC1937B0068F36B /* Release */,
			);
			defaultConfigurationIsVisible = 0;
			defaultConfigurationName = Release;
		};
/* End XCConfigurationList section */
	};
	rootObject = 29AC5DF92CC1937B0068F36B /* Project object */;
}
